Microsoft Visual Studio Solution File, Format Version 12.00
# Visual Studio Version 17
VisualStudioVersion = 17.5.2.0
MinimumVisualStudioVersion = 10.0.40219.1
Project("{FAE04EC0-301F-11D3-BF4B-00C04F79EFBC}") = "CodeCampByAstha.IT", "CodeCampByAstha.IT.csproj", "{C28378C8-BA94-7770-9DBA-0953F2B345FB}"
EndProject
Global
	GlobalSection(SolutionConfigurationPlatforms) = preSolution
		Debug|Any CPU = Debug|Any CPU
		Release|Any CPU = Release|Any CPU
	EndGlobalSection
	GlobalSection(ProjectConfigurationPlatforms) = postSolution
		{C28378C8-BA94-7770-9DBA-0953F2B345FB}.Debug|Any CPU.ActiveCfg = Debug|Any CPU
		{C28378C8-BA94-7770-9DBA-0953F2B345FB}.Debug|Any CPU.Build.0 = Debug|Any CPU
		{C28378C8-BA94-7770-9DBA-0953F2B345FB}.Release|Any CPU.ActiveCfg = Release|Any CPU
		{C28378C8-BA94-7770-9DBA-0953F2B345FB}.Release|Any CPU.Build.0 = Release|Any CPU
	EndGlobalSection
	GlobalSection(SolutionProperties) = preSolution
		HideSolutionNode = FALSE
	EndGlobalSection
	GlobalSection(ExtensibilityGlobals) = postSolution
		SolutionGuid = {457CCBE5-B200-4D95-9780-9571060A0BF0}
	EndGlobalSection
EndGlobal
